
Microsoft Visual Studio Solution File, Format Version 12.00
Project("{FAE04EC0-301F-11D3-BF4B-00C04F79EFBC}") = "Test.AssiementDevelopsToday.Jobs", "Test.AssiementDevelopsToday.Jobs\Test.AssiementDevelopsToday.Jobs.csproj", "{D53AA55B-355F-4A56-B52A-633A8B6C5C22}"
EndProject
Global
	GlobalSection(SolutionConfigurationPlatforms) = preSolution
		Debug|Any CPU = Debug|Any CPU
		Release|Any CPU = Release|Any CPU
	EndGlobalSection
	GlobalSection(ProjectConfigurationPlatforms) = postSolution
		{D53AA55B-355F-4A56-B52A-633A8B6C5C22}.Debug|Any CPU.ActiveCfg = Debug|Any CPU
		{D53AA55B-355F-4A56-B52A-633A8B6C5C22}.Debug|Any CPU.Build.0 = Debug|Any CPU
		{D53AA55B-355F-4A56-B52A-633A8B6C5C22}.Release|Any CPU.ActiveCfg = Release|Any CPU
		{D53AA55B-355F-4A56-B52A-633A8B6C5C22}.Release|Any CPU.Build.0 = Release|Any CPU
	EndGlobalSection
EndGlobal
